
Microsoft Visual Studio Solution File, Format Version 12.00
# Visual Studio Version 17
VisualStudioVersion = 17.5.002.0
MinimumVisualStudioVersion = 10.0.40219.1
Project("{2150E333-8FDC-42A3-9474-1A3956D46DE8}") = "Unidad_1", "Unidad_1", "{567C05A9-4A1B-4FA0-9D2E-5FF8C9C8DCF2}"
EndProject
Project("{9A19103F-16F7-4668-BE54-9A1E7A4F7556}") = "Calculadora", "Unidad_1\Calculadora\Calculadora.csproj", "{41E195FA-F2FE-48C0-B187-B2887F4A4FAB}"
EndProject
Project("{FAE04EC0-301F-11D3-BF4B-00C04F79EFBC}") = "Ejercicio_1", "Unidad_1\Ejercicio_1\Ejercicio_1.csproj", "{A8595DE9-44A9-42D4-B0BB-E1417AE0FC8C}"
EndProject
Project("{FAE04EC0-301F-11D3-BF4B-00C04F79EFBC}") = "primerPrograma", "Unidad_1\primerPrograma\primerPrograma.csproj", "{C60FC3A3-4562-4282-80C8-4A55220365FE}"
EndProject
Project("{FAE04EC0-301F-11D3-BF4B-00C04F79EFBC}") = "primerProgramaV2", "Unidad_1\primerProgramaV2\primerProgramaV2.csproj", "{8682678D-7497-4664-AA6D-08A31D188232}"
EndProject
Project("{2150E333-8FDC-42A3-9474-1A3956D46DE8}") = "Unidad_2", "Unidad_2", "{EF0E0D1E-9ACF-44C2-AE9E-5A9B0DCE84A7}"
EndProject
Project("{FAE04EC0-301F-11D3-BF4B-00C04F79EFBC}") = "Ejercicio_1", "Unidad_2\Ejercicio_1\Ejercicio_1.csproj", "{630E822B-92A5-4BCC-A0F5-A1090BB16BBF}"
EndProject
Project("{FAE04EC0-301F-11D3-BF4B-00C04F79EFBC}") = "Ejercicio_2", "Unidad_2\Ejercicio_2\Ejercicio_2.csproj", "{F8DFC995-2A3A-4DA5-8B75-AD26FCEC1641}"
EndProject
Project("{FAE04EC0-301F-11D3-BF4B-00C04F79EFBC}") = "Ejercicio_3", "Unidad_2\Ejercicio_3\Ejercicio_3.csproj", "{F9427DBF-0CC8-4DEE-8258-B59DD114D45E}"
EndProject
Project("{FAE04EC0-301F-11D3-BF4B-00C04F79EFBC}") = "Ejercicio_4", "Unidad_2\Ejercicio_4\Ejercicio_4.csproj", "{FB5C4B91-5418-461F-B630-8B42116E340D}"
EndProject
Project("{FAE04EC0-301F-11D3-BF4B-00C04F79EFBC}") = "Ejercicio_5", "Unidad_2\Ejercicio_5\Ejercicio_5.csproj", "{0FF9A7D7-FF0A-47B2-868F-50552FBEF3E2}"
EndProject
Project("{2150E333-8FDC-42A3-9474-1A3956D46DE8}") = "Unidad_3", "Unidad_3", "{5FD5381F-86D6-4105-AFD0-54207F4934CF}"
EndProject
Project("{FAE04EC0-301F-11D3-BF4B-00C04F79EFBC}") = "Acumuladores-Contadores", "Unidad_3\Acumuladores-Contadores\Acumuladores-Contadores.csproj", "{306E2B36-9D37-4F9D-ADBD-4678D88F8BFC}"
EndProject
Project("{FAE04EC0-301F-11D3-BF4B-00C04F79EFBC}") = "Ejemplos", "Unidad_3\Ejemplos\Ejemplos.csproj", "{D0306128-11BF-4803-92BA-5E4FC02EDDBC}"
EndProject
Project("{FAE04EC0-301F-11D3-BF4B-00C04F79EFBC}") = "Ejercicio_1", "Unidad_3\Ejercicio_1\Ejercicio_1.csproj", "{E796CF1D-4C77-41EB-8F47-95F0D33283BC}"
EndProject
Project("{FAE04EC0-301F-11D3-BF4B-00C04F79EFBC}") = "Ejercicio_2", "Unidad_3\Ejercicio_2\Ejercicio_2.csproj", "{CBE704D7-B833-4D92-AF43-F20C6AC65608}"
EndProject
Project("{FAE04EC0-301F-11D3-BF4B-00C04F79EFBC}") = "Ejercicio_3", "Unidad_3\Ejercicio_3\Ejercicio_3.csproj", "{D5ADF407-F90C-4DF5-A534-5B1EAE7B2AC1}"
EndProject
Project("{FAE04EC0-301F-11D3-BF4B-00C04F79EFBC}") = "Ejercicio_4", "Unidad_3\Ejercicio_4\Ejercicio_4.csproj", "{D4F6AB78-C905-4F64-A9F3-A1AA05D73006}"
EndProject
Project("{FAE04EC0-301F-11D3-BF4B-00C04F79EFBC}") = "Ejercicio_5", "Unidad_3\Ejercicio_5\Ejercicio_5.csproj", "{E32FC1B1-70F1-47E7-B807-418765E47D5E}"
EndProject
Project("{2150E333-8FDC-42A3-9474-1A3956D46DE8}") = "Unidad_4", "Unidad_4", "{E3EA168B-FEF2-4CA6-AC64-B7AB0E05DF82}"
EndProject
Project("{FAE04EC0-301F-11D3-BF4B-00C04F79EFBC}") = "Ejemplos", "Unidad_4\Ejemplos\Ejemplos.csproj", "{DE25A539-6106-4E71-AE8E-243F0C2E04F1}"
EndProject
Project("{FAE04EC0-301F-11D3-BF4B-00C04F79EFBC}") = "Ejemplos_Switch", "Unidad_4\Ejemplos_Switch\Ejemplos_Switch.csproj", "{27B185C7-E3AC-4973-AF99-BA93EF3BCA98}"
EndProject
Project("{FAE04EC0-301F-11D3-BF4B-00C04F79EFBC}") = "Ejercicio_1", "Unidad_4\Ejercicio_1\Ejercicio_1.csproj", "{810D0BBB-A5F1-4436-91C8-9B6E9CC15AC7}"
EndProject
Project("{FAE04EC0-301F-11D3-BF4B-00C04F79EFBC}") = "Ejercicio_2", "Unidad_4\Ejercicio_2\Ejercicio_2.csproj", "{C0FE8E68-CDD7-4EB7-B990-15B1799CBF0F}"
EndProject
Project("{FAE04EC0-301F-11D3-BF4B-00C04F79EFBC}") = "Ejercicio_3", "Unidad_4\Ejercicio_3\Ejercicio_3.csproj", "{F2C815D3-D5FF-4163-BC48-95D5545CB2D8}"
EndProject
Project("{FAE04EC0-301F-11D3-BF4B-00C04F79EFBC}") = "Ejercicio_4", "Unidad_4\Ejercicio_4\Ejercicio_4.csproj", "{76CFB8FF-B457-4687-A26E-E00BB08FC225}"
EndProject
Project("{FAE04EC0-301F-11D3-BF4B-00C04F79EFBC}") = "Ejercicio_5", "Unidad_4\Ejercicio_5\Ejercicio_5.csproj", "{9477C7F3-8640-4117-ACCF-1CA89B4C349D}"
EndProject
Project("{2150E333-8FDC-42A3-9474-1A3956D46DE8}") = "Unidad_5", "Unidad_5", "{431AFD47-1106-442E-AEDA-1C4156C439E9}"
EndProject
Project("{FAE04EC0-301F-11D3-BF4B-00C04F79EFBC}") = "Ejemplo_DO_WHILE", "Unidad_5\Ejemplo_DO_WHILE\Ejemplo_DO_WHILE.csproj", "{E74FEB4C-51FB-47D1-89CB-D34945FC5DD5}"
EndProject
Project("{FAE04EC0-301F-11D3-BF4B-00C04F79EFBC}") = "Ejemplo_WHILE", "Unidad_5\Ejemplo_WHILE\Ejemplo_WHILE.csproj", "{1929BE7F-95DA-4CEF-8732-45FCB891A44D}"
EndProject
Project("{FAE04EC0-301F-11D3-BF4B-00C04F79EFBC}") = "Ejemplo_FOR", "Unidad_5\Ejemplo_FOR\Ejemplo_FOR.csproj", "{B1400E97-FA9E-4B63-9694-29C8C4D64CBB}"
EndProject
Project("{FAE04EC0-301F-11D3-BF4B-00C04F79EFBC}") = "Ejercicio_1", "Unidad_5\Ejercicio_1\Ejercicio_1.csproj", "{22F9DC6A-ABF6-4AAD-BB9F-6F16980B7D68}"
EndProject
Project("{FAE04EC0-301F-11D3-BF4B-00C04F79EFBC}") = "Ejercicio_2", "Unidad_5\Ejercicio_2\Ejercicio_2.csproj", "{BF4F903C-07F0-4E70-8E9E-9DD2E25978EB}"
EndProject
Project("{FAE04EC0-301F-11D3-BF4B-00C04F79EFBC}") = "Ejercicio_3", "Unidad_5\Ejercicio_3\Ejercicio_3.csproj", "{A44A3AB0-0193-488E-8089-00DFF872964F}"
EndProject
Project("{FAE04EC0-301F-11D3-BF4B-00C04F79EFBC}") = "Ejercicio_4", "Unidad_5\Ejercicio_4\Ejercicio_4.csproj", "{BF5FF72F-DAAB-47AA-BE2A-C78C475F72D0}"
EndProject
Project("{FAE04EC0-301F-11D3-BF4B-00C04F79EFBC}") = "Ejercicio_5", "Unidad_5\Ejercicio_5\Ejercicio_5.csproj", "{064DBBF0-5D0C-4893-9E01-F12B94565CC2}"
EndProject
Project("{FAE04EC0-301F-11D3-BF4B-00C04F79EFBC}") = "Ejercicio_6", "Unidad_5\Ejercicio_6\Ejercicio_6.csproj", "{F7F5BE8C-31F4-4CF3-8652-B44337A7818D}"
EndProject
Project("{FAE04EC0-301F-11D3-BF4B-00C04F79EFBC}") = "Ejercicio_7", "Unidad_5\Ejercicio_7\Ejercicio_7.csproj", "{31F1987F-714B-4161-80BB-F9B2C7BECD7E}"
EndProject
Project("{FAE04EC0-301F-11D3-BF4B-00C04F79EFBC}") = "Ejercicio_8", "Unidad_5\Ejercicio_8\Ejercicio_8.csproj", "{123D9FFB-2421-4E94-A116-9A4DBDDDB7D5}"
EndProject
Project("{FAE04EC0-301F-11D3-BF4B-00C04F79EFBC}") = "Ejercicio_9", "Unidad_5\Ejercicio_9\Ejercicio_9.csproj", "{9BB2B2DF-BDDC-4D60-A2C6-0BB22D465A93}"
EndProject
Project("{FAE04EC0-301F-11D3-BF4B-00C04F79EFBC}") = "Ejercicio_10", "Unidad_5\Ejercicio_10\Ejercicio_10.csproj", "{1095A0CA-7D10-4BB9-B2A7-37EE6231263A}"
EndProject
Project("{2150E333-8FDC-42A3-9474-1A3956D46DE8}") = "Unidad_6", "Unidad_6", "{E856DD25-7594-479C-B7A1-1EBFD00F86BB}"
EndProject
Project("{FAE04EC0-301F-11D3-BF4B-00C04F79EFBC}") = "Ejemplo_Ciclos_Combinados", "Unidad_6\Ejemplo_Ciclos_Combinados\Ejemplo_Ciclos_Combinados.csproj", "{A63CA65E-2A99-44E1-9E38-3D3090313BAC}"
EndProject
Project("{FAE04EC0-301F-11D3-BF4B-00C04F79EFBC}") = "Ejercicio_1", "Unidad_6\Ejercicio_1\Ejercicio_1.csproj", "{1A73A74E-7EC7-4079-BE91-5043110580F2}"
EndProject
Project("{FAE04EC0-301F-11D3-BF4B-00C04F79EFBC}") = "Ejercicio_2", "Unidad_6\Ejercicio_2\Ejercicio_2.csproj", "{9B909767-30EE-477A-B48A-FD913EC6BCDB}"
EndProject
Project("{2150E333-8FDC-42A3-9474-1A3956D46DE8}") = "Unidad_7", "Unidad_7", "{D7370ECF-C401-41A8-B16C-212960D5E34D}"
EndProject
Project("{FAE04EC0-301F-11D3-BF4B-00C04F79EFBC}") = "Ejemplo_Vectores", "Unidad_7\Ejemplo_Vectores\Ejemplo_Vectores.csproj", "{EDF1D6EA-0E66-4FEC-BF77-342B581A9F3A}"
EndProject
Project("{FAE04EC0-301F-11D3-BF4B-00C04F79EFBC}") = "Ejemplo_Vector2", "Unidad_7\Ejemplo_Vector2\Ejemplo_Vector2.csproj", "{77B06D85-BAEA-4444-A82E-84DE8CCF69AA}"
EndProject
Project("{FAE04EC0-301F-11D3-BF4B-00C04F79EFBC}") = "Ejemplo_Vector3", "Unidad_7\Ejemplo_Vector3\Ejemplo_Vector3.csproj", "{1345DAD7-06F7-4D16-BBB3-D0249269B15D}"
EndProject
Project("{FAE04EC0-301F-11D3-BF4B-00C04F79EFBC}") = "Ejercicio_4", "Unidad_6\Ejercicio_4\Ejercicio_4.csproj", "{053A9AD4-1664-439D-9A9A-0DD9E82A8544}"
EndProject
Project("{FAE04EC0-301F-11D3-BF4B-00C04F79EFBC}") = "Ejercicio_5", "Unidad_6\Ejercicio_5\Ejercicio_5.csproj", "{CDDD39D2-DFAA-4B63-A7A6-32143730E275}"
EndProject
Project("{FAE04EC0-301F-11D3-BF4B-00C04F79EFBC}") = "Ejercicio_6", "Unidad_6\Ejercicio_6\Ejercicio_6.csproj", "{F99B0C37-7326-4FD6-A8CA-E7101F091C54}"
EndProject
Project("{FAE04EC0-301F-11D3-BF4B-00C04F79EFBC}") = "Ejercicio_7", "Unidad_6\Ejercicio_7\Ejercicio_7.csproj", "{DA3F2D6A-B1FF-4299-92D7-386952B1843D}"
EndProject
Project("{FAE04EC0-301F-11D3-BF4B-00C04F79EFBC}") = "Ejercicio_8", "Unidad_6\Ejercicio_8\Ejercicio_8.csproj", "{F63DD883-A088-423B-9F17-2CC09F181DB7}"
EndProject
Project("{FAE04EC0-301F-11D3-BF4B-00C04F79EFBC}") = "Ejercicio_3", "Unidad_6\Ejercicio_3\Ejercicio_3.csproj", "{2B82DC79-D5CF-4BFF-A1B1-4C283387019A}"
EndProject
Global
	GlobalSection(SolutionConfigurationPlatforms) = preSolution
		Debug|Any CPU = Debug|Any CPU
		Release|Any CPU = Release|Any CPU
	EndGlobalSection
	GlobalSection(ProjectConfigurationPlatforms) = postSolution
		{41E195FA-F2FE-48C0-B187-B2887F4A4FAB}.Debug|Any CPU.ActiveCfg = Debug|Any CPU
		{41E195FA-F2FE-48C0-B187-B2887F4A4FAB}.Debug|Any CPU.Build.0 = Debug|Any CPU
		{41E195FA-F2FE-48C0-B187-B2887F4A4FAB}.Release|Any CPU.ActiveCfg = Release|Any CPU
		{41E195FA-F2FE-48C0-B187-B2887F4A4FAB}.Release|Any CPU.Build.0 = Release|Any CPU
		{A8595DE9-44A9-42D4-B0BB-E1417AE0FC8C}.Debug|Any CPU.ActiveCfg = Debug|Any CPU
		{A8595DE9-44A9-42D4-B0BB-E1417AE0FC8C}.Debug|Any CPU.Build.0 = Debug|Any CPU
		{A8595DE9-44A9-42D4-B0BB-E1417AE0FC8C}.Release|Any CPU.ActiveCfg = Release|Any CPU
		{A8595DE9-44A9-42D4-B0BB-E1417AE0FC8C}.Release|Any CPU.Build.0 = Release|Any CPU
		{C60FC3A3-4562-4282-80C8-4A55220365FE}.Debug|Any CPU.ActiveCfg = Debug|Any CPU
		{C60FC3A3-4562-4282-80C8-4A55220365FE}.Debug|Any CPU.Build.0 = Debug|Any CPU
		{C60FC3A3-4562-4282-80C8-4A55220365FE}.Release|Any CPU.ActiveCfg = Release|Any CPU
		{C60FC3A3-4562-4282-80C8-4A55220365FE}.Release|Any CPU.Build.0 = Release|Any CPU
		{8682678D-7497-4664-AA6D-08A31D188232}.Debug|Any CPU.ActiveCfg = Debug|Any CPU
		{8682678D-7497-4664-AA6D-08A31D188232}.Debug|Any CPU.Build.0 = Debug|Any CPU
		{8682678D-7497-4664-AA6D-08A31D188232}.Release|Any CPU.ActiveCfg = Release|Any CPU
		{8682678D-7497-4664-AA6D-08A31D188232}.Release|Any CPU.Build.0 = Release|Any CPU
		{630E822B-92A5-4BCC-A0F5-A1090BB16BBF}.Debug|Any CPU.ActiveCfg = Debug|Any CPU
		{630E822B-92A5-4BCC-A0F5-A1090BB16BBF}.Debug|Any CPU.Build.0 = Debug|Any CPU
		{630E822B-92A5-4BCC-A0F5-A1090BB16BBF}.Release|Any CPU.ActiveCfg = Release|Any CPU
		{630E822B-92A5-4BCC-A0F5-A1090BB16BBF}.Release|Any CPU.Build.0 = Release|Any CPU
		{F8DFC995-2A3A-4DA5-8B75-AD26FCEC1641}.Debug|Any CPU.ActiveCfg = Debug|Any CPU
		{F8DFC995-2A3A-4DA5-8B75-AD26FCEC1641}.Debug|Any CPU.Build.0 = Debug|Any CPU
		{F8DFC995-2A3A-4DA5-8B75-AD26FCEC1641}.Release|Any CPU.ActiveCfg = Release|Any CPU
		{F8DFC995-2A3A-4DA5-8B75-AD26FCEC1641}.Release|Any CPU.Build.0 = Release|Any CPU
		{F9427DBF-0CC8-4DEE-8258-B59DD114D45E}.Debug|Any CPU.ActiveCfg = Debug|Any CPU
		{F9427DBF-0CC8-4DEE-8258-B59DD114D45E}.Debug|Any CPU.Build.0 = Debug|Any CPU
		{F9427DBF-0CC8-4DEE-8258-B59DD114D45E}.Release|Any CPU.ActiveCfg = Release|Any CPU
		{F9427DBF-0CC8-4DEE-8258-B59DD114D45E}.Release|Any CPU.Build.0 = Release|Any CPU
		{FB5C4B91-5418-461F-B630-8B42116E340D}.Debug|Any CPU.ActiveCfg = Debug|Any CPU
		{FB5C4B91-5418-461F-B630-8B42116E340D}.Debug|Any CPU.Build.0 = Debug|Any CPU
		{FB5C4B91-5418-461F-B630-8B42116E340D}.Release|Any CPU.ActiveCfg = Release|Any CPU
		{FB5C4B91-5418-461F-B630-8B42116E340D}.Release|Any CPU.Build.0 = Release|Any CPU
		{0FF9A7D7-FF0A-47B2-868F-50552FBEF3E2}.Debug|Any CPU.ActiveCfg = Debug|Any CPU
		{0FF9A7D7-FF0A-47B2-868F-50552FBEF3E2}.Debug|Any CPU.Build.0 = Debug|Any CPU
		{0FF9A7D7-FF0A-47B2-868F-50552FBEF3E2}.Release|Any CPU.ActiveCfg = Release|Any CPU
		{0FF9A7D7-FF0A-47B2-868F-50552FBEF3E2}.Release|Any CPU.Build.0 = Release|Any CPU
		{306E2B36-9D37-4F9D-ADBD-4678D88F8BFC}.Debug|Any CPU.ActiveCfg = Debug|Any CPU
		{306E2B36-9D37-4F9D-ADBD-4678D88F8BFC}.Debug|Any CPU.Build.0 = Debug|Any CPU
		{306E2B36-9D37-4F9D-ADBD-4678D88F8BFC}.Release|Any CPU.ActiveCfg = Release|Any CPU
		{306E2B36-9D37-4F9D-ADBD-4678D88F8BFC}.Release|Any CPU.Build.0 = Release|Any CPU
		{D0306128-11BF-4803-92BA-5E4FC02EDDBC}.Debug|Any CPU.ActiveCfg = Debug|Any CPU
		{D0306128-11BF-4803-92BA-5E4FC02EDDBC}.Debug|Any CPU.Build.0 = Debug|Any CPU
		{D0306128-11BF-4803-92BA-5E4FC02EDDBC}.Release|Any CPU.ActiveCfg = Release|Any CPU
		{D0306128-11BF-4803-92BA-5E4FC02EDDBC}.Release|Any CPU.Build.0 = Release|Any CPU
		{E796CF1D-4C77-41EB-8F47-95F0D33283BC}.Debug|Any CPU.ActiveCfg = Debug|Any CPU
		{E796CF1D-4C77-41EB-8F47-95F0D33283BC}.Debug|Any CPU.Build.0 = Debug|Any CPU
		{E796CF1D-4C77-41EB-8F47-95F0D33283BC}.Release|Any CPU.ActiveCfg = Release|Any CPU
		{E796CF1D-4C77-41EB-8F47-95F0D33283BC}.Release|Any CPU.Build.0 = Release|Any CPU
		{CBE704D7-B833-4D92-AF43-F20C6AC65608}.Debug|Any CPU.ActiveCfg = Debug|Any CPU
		{CBE704D7-B833-4D92-AF43-F20C6AC65608}.Debug|Any CPU.Build.0 = Debug|Any CPU
		{CBE704D7-B833-4D92-AF43-F20C6AC65608}.Release|Any CPU.ActiveCfg = Release|Any CPU
		{CBE704D7-B833-4D92-AF43-F20C6AC65608}.Release|Any CPU.Build.0 = Release|Any CPU
		{D5ADF407-F90C-4DF5-A534-5B1EAE7B2AC1}.Debug|Any CPU.ActiveCfg = Debug|Any CPU
		{D5ADF407-F90C-4DF5-A534-5B1EAE7B2AC1}.Debug|Any CPU.Build.0 = Debug|Any CPU
		{D5ADF407-F90C-4DF5-A534-5B1EAE7B2AC1}.Release|Any CPU.ActiveCfg = Release|Any CPU
		{D5ADF407-F90C-4DF5-A534-5B1EAE7B2AC1}.Release|Any CPU.Build.0 = Release|Any CPU
		{D4F6AB78-C905-4F64-A9F3-A1AA05D73006}.Debug|Any CPU.ActiveCfg = Debug|Any CPU
		{D4F6AB78-C905-4F64-A9F3-A1AA05D73006}.Debug|Any CPU.Build.0 = Debug|Any CPU
		{D4F6AB78-C905-4F64-A9F3-A1AA05D73006}.Release|Any CPU.ActiveCfg = Release|Any CPU
		{D4F6AB78-C905-4F64-A9F3-A1AA05D73006}.Release|Any CPU.Build.0 = Release|Any CPU
		{E32FC1B1-70F1-47E7-B807-418765E47D5E}.Debug|Any CPU.ActiveCfg = Debug|Any CPU
		{E32FC1B1-70F1-47E7-B807-418765E47D5E}.Debug|Any CPU.Build.0 = Debug|Any CPU
		{E32FC1B1-70F1-47E7-B807-418765E47D5E}.Release|Any CPU.ActiveCfg = Release|Any CPU
		{E32FC1B1-70F1-47E7-B807-418765E47D5E}.Release|Any CPU.Build.0 = Release|Any CPU
		{DE25A539-6106-4E71-AE8E-243F0C2E04F1}.Debug|Any CPU.ActiveCfg = Debug|Any CPU
		{DE25A539-6106-4E71-AE8E-243F0C2E04F1}.Debug|Any CPU.Build.0 = Debug|Any CPU
		{DE25A539-6106-4E71-AE8E-243F0C2E04F1}.Release|Any CPU.ActiveCfg = Release|Any CPU
		{DE25A539-6106-4E71-AE8E-243F0C2E04F1}.Release|Any CPU.Build.0 = Release|Any CPU
		{27B185C7-E3AC-4973-AF99-BA93EF3BCA98}.Debug|Any CPU.ActiveCfg = Debug|Any CPU
		{27B185C7-E3AC-4973-AF99-BA93EF3BCA98}.Debug|Any CPU.Build.0 = Debug|Any CPU
		{27B185C7-E3AC-4973-AF99-BA93EF3BCA98}.Release|Any CPU.ActiveCfg = Release|Any CPU
		{27B185C7-E3AC-4973-AF99-BA93EF3BCA98}.Release|Any CPU.Build.0 = Release|Any CPU
		{810D0BBB-A5F1-4436-91C8-9B6E9CC15AC7}.Debug|Any CPU.ActiveCfg = Debug|Any CPU
		{810D0BBB-A5F1-4436-91C8-9B6E9CC15AC7}.Debug|Any CPU.Build.0 = Debug|Any CPU
		{810D0BBB-A5F1-4436-91C8-9B6E9CC15AC7}.Release|Any CPU.ActiveCfg = Release|Any CPU
		{810D0BBB-A5F1-4436-91C8-9B6E9CC15AC7}.Release|Any CPU.Build.0 = Release|Any CPU
		{C0FE8E68-CDD7-4EB7-B990-15B1799CBF0F}.Debug|Any CPU.ActiveCfg = Debug|Any CPU
		{C0FE8E68-CDD7-4EB7-B990-15B1799CBF0F}.Debug|Any CPU.Build.0 = Debug|Any CPU
		{C0FE8E68-CDD7-4EB7-B990-15B1799CBF0F}.Release|Any CPU.ActiveCfg = Release|Any CPU
		{C0FE8E68-CDD7-4EB7-B990-15B1799CBF0F}.Release|Any CPU.Build.0 = Release|Any CPU
		{F2C815D3-D5FF-4163-BC48-95D5545CB2D8}.Debug|Any CPU.ActiveCfg = Debug|Any CPU
		{F2C815D3-D5FF-4163-BC48-95D5545CB2D8}.Debug|Any CPU.Build.0 = Debug|Any CPU
		{F2C815D3-D5FF-4163-BC48-95D5545CB2D8}.Release|Any CPU.ActiveCfg = Release|Any CPU
		{F2C815D3-D5FF-4163-BC48-95D5545CB2D8}.Release|Any CPU.Build.0 = Release|Any CPU
		{76CFB8FF-B457-4687-A26E-E00BB08FC225}.Debug|Any CPU.ActiveCfg = Debug|Any CPU
		{76CFB8FF-B457-4687-A26E-E00BB08FC225}.Debug|Any CPU.Build.0 = Debug|Any CPU
		{76CFB8FF-B457-4687-A26E-E00BB08FC225}.Release|Any CPU.ActiveCfg = Release|Any CPU
		{76CFB8FF-B457-4687-A26E-E00BB08FC225}.Release|Any CPU.Build.0 = Release|Any CPU
		{9477C7F3-8640-4117-ACCF-1CA89B4C349D}.Debug|Any CPU.ActiveCfg = Debug|Any CPU
		{9477C7F3-8640-4117-ACCF-1CA89B4C349D}.Debug|Any CPU.Build.0 = Debug|Any CPU
		{9477C7F3-8640-4117-ACCF-1CA89B4C349D}.Release|Any CPU.ActiveCfg = Release|Any CPU
		{9477C7F3-8640-4117-ACCF-1CA89B4C349D}.Release|Any CPU.Build.0 = Release|Any CPU
		{E74FEB4C-51FB-47D1-89CB-D34945FC5DD5}.Debug|Any CPU.ActiveCfg = Debug|Any CPU
		{E74FEB4C-51FB-47D1-89CB-D34945FC5DD5}.Debug|Any CPU.Build.0 = Debug|Any CPU
		{E74FEB4C-51FB-47D1-89CB-D34945FC5DD5}.Release|Any CPU.ActiveCfg = Release|Any CPU
		{E74FEB4C-51FB-47D1-89CB-D34945FC5DD5}.Release|Any CPU.Build.0 = Release|Any CPU
		{1929BE7F-95DA-4CEF-8732-45FCB891A44D}.Debug|Any CPU.ActiveCfg = Debug|Any CPU
		{1929BE7F-95DA-4CEF-8732-45FCB891A44D}.Debug|Any CPU.Build.0 = Debug|Any CPU
		{1929BE7F-95DA-4CEF-8732-45FCB891A44D}.Release|Any CPU.ActiveCfg = Release|Any CPU
		{1929BE7F-95DA-4CEF-8732-45FCB891A44D}.Release|Any CPU.Build.0 = Release|Any CPU
		{B1400E97-FA9E-4B63-9694-29C8C4D64CBB}.Debug|Any CPU.ActiveCfg = Debug|Any CPU
		{B1400E97-FA9E-4B63-9694-29C8C4D64CBB}.Debug|Any CPU.Build.0 = Debug|Any CPU
		{B1400E97-FA9E-4B63-9694-29C8C4D64CBB}.Release|Any CPU.ActiveCfg = Release|Any CPU
		{B1400E97-FA9E-4B63-9694-29C8C4D64CBB}.Release|Any CPU.Build.0 = Release|Any CPU
		{22F9DC6A-ABF6-4AAD-BB9F-6F16980B7D68}.Debug|Any CPU.ActiveCfg = Debug|Any CPU
		{22F9DC6A-ABF6-4AAD-BB9F-6F16980B7D68}.Debug|Any CPU.Build.0 = Debug|Any CPU
		{22F9DC6A-ABF6-4AAD-BB9F-6F16980B7D68}.Release|Any CPU.ActiveCfg = Release|Any CPU
		{22F9DC6A-ABF6-4AAD-BB9F-6F16980B7D68}.Release|Any CPU.Build.0 = Release|Any CPU
		{BF4F903C-07F0-4E70-8E9E-9DD2E25978EB}.Debug|Any CPU.ActiveCfg = Debug|Any CPU
		{BF4F903C-07F0-4E70-8E9E-9DD2E25978EB}.Debug|Any CPU.Build.0 = Debug|Any CPU
		{BF4F903C-07F0-4E70-8E9E-9DD2E25978EB}.Release|Any CPU.ActiveCfg = Release|Any CPU
		{BF4F903C-07F0-4E70-8E9E-9DD2E25978EB}.Release|Any CPU.Build.0 = Release|Any CPU
		{A44A3AB0-0193-488E-8089-00DFF872964F}.Debug|Any CPU.ActiveCfg = Debug|Any CPU
		{A44A3AB0-0193-488E-8089-00DFF872964F}.Debug|Any CPU.Build.0 = Debug|Any CPU
		{A44A3AB0-0193-488E-8089-00DFF872964F}.Release|Any CPU.ActiveCfg = Release|Any CPU
		{A44A3AB0-0193-488E-8089-00DFF872964F}.Release|Any CPU.Build.0 = Release|Any CPU
		{BF5FF72F-DAAB-47AA-BE2A-C78C475F72D0}.Debug|Any CPU.ActiveCfg = Debug|Any CPU
		{BF5FF72F-DAAB-47AA-BE2A-C78C475F72D0}.Debug|Any CPU.Build.0 = Debug|Any CPU
		{BF5FF72F-DAAB-47AA-BE2A-C78C475F72D0}.Release|Any CPU.ActiveCfg = Release|Any CPU
		{BF5FF72F-DAAB-47AA-BE2A-C78C475F72D0}.Release|Any CPU.Build.0 = Release|Any CPU
		{064DBBF0-5D0C-4893-9E01-F12B94565CC2}.Debug|Any CPU.ActiveCfg = Debug|Any CPU
		{064DBBF0-5D0C-4893-9E01-F12B94565CC2}.Debug|Any CPU.Build.0 = Debug|Any CPU
		{064DBBF0-5D0C-4893-9E01-F12B94565CC2}.Release|Any CPU.ActiveCfg = Release|Any CPU
		{064DBBF0-5D0C-4893-9E01-F12B94565CC2}.Release|Any CPU.Build.0 = Release|Any CPU
		{F7F5BE8C-31F4-4CF3-8652-B44337A7818D}.Debug|Any CPU.ActiveCfg = Debug|Any CPU
		{F7F5BE8C-31F4-4CF3-8652-B44337A7818D}.Debug|Any CPU.Build.0 = Debug|Any CPU
		{F7F5BE8C-31F4-4CF3-8652-B44337A7818D}.Release|Any CPU.ActiveCfg = Release|Any CPU
		{F7F5BE8C-31F4-4CF3-8652-B44337A7818D}.Release|Any CPU.Build.0 = Release|Any CPU
		{31F1987F-714B-4161-80BB-F9B2C7BECD7E}.Debug|Any CPU.ActiveCfg = Debug|Any CPU
		{31F1987F-714B-4161-80BB-F9B2C7BECD7E}.Debug|Any CPU.Build.0 = Debug|Any CPU
		{31F1987F-714B-4161-80BB-F9B2C7BECD7E}.Release|Any CPU.ActiveCfg = Release|Any CPU
		{31F1987F-714B-4161-80BB-F9B2C7BECD7E}.Release|Any CPU.Build.0 = Release|Any CPU
		{123D9FFB-2421-4E94-A116-9A4DBDDDB7D5}.Debug|Any CPU.ActiveCfg = Debug|Any CPU
		{123D9FFB-2421-4E94-A116-9A4DBDDDB7D5}.Debug|Any CPU.Build.0 = Debug|Any CPU
		{123D9FFB-2421-4E94-A116-9A4DBDDDB7D5}.Release|Any CPU.ActiveCfg = Release|Any CPU
		{123D9FFB-2421-4E94-A116-9A4DBDDDB7D5}.Release|Any CPU.Build.0 = Release|Any CPU
		{9BB2B2DF-BDDC-4D60-A2C6-0BB22D465A93}.Debug|Any CPU.ActiveCfg = Debug|Any CPU
		{9BB2B2DF-BDDC-4D60-A2C6-0BB22D465A93}.Debug|Any CPU.Build.0 = Debug|Any CPU
		{9BB2B2DF-BDDC-4D60-A2C6-0BB22D465A93}.Release|Any CPU.ActiveCfg = Release|Any CPU
		{9BB2B2DF-BDDC-4D60-A2C6-0BB22D465A93}.Release|Any CPU.Build.0 = Release|Any CPU
		{1095A0CA-7D10-4BB9-B2A7-37EE6231263A}.Debug|Any CPU.ActiveCfg = Debug|Any CPU
		{1095A0CA-7D10-4BB9-B2A7-37EE6231263A}.Debug|Any CPU.Build.0 = Debug|Any CPU
		{1095A0CA-7D10-4BB9-B2A7-37EE6231263A}.Release|Any CPU.ActiveCfg = Release|Any CPU
		{1095A0CA-7D10-4BB9-B2A7-37EE6231263A}.Release|Any CPU.Build.0 = Release|Any CPU
		{A63CA65E-2A99-44E1-9E38-3D3090313BAC}.Debug|Any CPU.ActiveCfg = Debug|Any CPU
		{A63CA65E-2A99-44E1-9E38-3D3090313BAC}.Debug|Any CPU.Build.0 = Debug|Any CPU
		{A63CA65E-2A99-44E1-9E38-3D3090313BAC}.Release|Any CPU.ActiveCfg = Release|Any CPU
		{A63CA65E-2A99-44E1-9E38-3D3090313BAC}.Release|Any CPU.Build.0 = Release|Any CPU
		{1A73A74E-7EC7-4079-BE91-5043110580F2}.Debug|Any CPU.ActiveCfg = Debug|Any CPU
		{1A73A74E-7EC7-4079-BE91-5043110580F2}.Debug|Any CPU.Build.0 = Debug|Any CPU
		{1A73A74E-7EC7-4079-BE91-5043110580F2}.Release|Any CPU.ActiveCfg = Release|Any CPU
		{1A73A74E-7EC7-4079-BE91-5043110580F2}.Release|Any CPU.Build.0 = Release|Any CPU
		{9B909767-30EE-477A-B48A-FD913EC6BCDB}.Debug|Any CPU.ActiveCfg = Debug|Any CPU
		{9B909767-30EE-477A-B48A-FD913EC6BCDB}.Debug|Any CPU.Build.0 = Debug|Any CPU
		{9B909767-30EE-477A-B48A-FD913EC6BCDB}.Release|Any CPU.ActiveCfg = Release|Any CPU
		{9B909767-30EE-477A-B48A-FD913EC6BCDB}.Release|Any CPU.Build.0 = Release|Any CPU
		{EDF1D6EA-0E66-4FEC-BF77-342B581A9F3A}.Debug|Any CPU.ActiveCfg = Debug|Any CPU
		{EDF1D6EA-0E66-4FEC-BF77-342B581A9F3A}.Debug|Any CPU.Build.0 = Debug|Any CPU
		{EDF1D6EA-0E66-4FEC-BF77-342B581A9F3A}.Release|Any CPU.ActiveCfg = Release|Any CPU
		{EDF1D6EA-0E66-4FEC-BF77-342B581A9F3A}.Release|Any CPU.Build.0 = Release|Any CPU
		{77B06D85-BAEA-4444-A82E-84DE8CCF69AA}.Debug|Any CPU.ActiveCfg = Debug|Any CPU
		{77B06D85-BAEA-4444-A82E-84DE8CCF69AA}.Debug|Any CPU.Build.0 = Debug|Any CPU
		{77B06D85-BAEA-4444-A82E-84DE8CCF69AA}.Release|Any CPU.ActiveCfg = Release|Any CPU
		{77B06D85-BAEA-4444-A82E-84DE8CCF69AA}.Release|Any CPU.Build.0 = Release|Any CPU
		{1345DAD7-06F7-4D16-BBB3-D0249269B15D}.Debug|Any CPU.ActiveCfg = Debug|Any CPU
		{1345DAD7-06F7-4D16-BBB3-D0249269B15D}.Debug|Any CPU.Build.0 = Debug|Any CPU
		{1345DAD7-06F7-4D16-BBB3-D0249269B15D}.Release|Any CPU.ActiveCfg = Release|Any CPU
		{1345DAD7-06F7-4D16-BBB3-D0249269B15D}.Release|Any CPU.Build.0 = Release|Any CPU
		{053A9AD4-1664-439D-9A9A-0DD9E82A8544}.Debug|Any CPU.ActiveCfg = Debug|Any CPU
		{053A9AD4-1664-439D-9A9A-0DD9E82A8544}.Debug|Any CPU.Build.0 = Debug|Any CPU
		{053A9AD4-1664-439D-9A9A-0DD9E82A8544}.Release|Any CPU.ActiveCfg = Release|Any CPU
		{053A9AD4-1664-439D-9A9A-0DD9E82A8544}.Release|Any CPU.Build.0 = Release|Any CPU
		{CDDD39D2-DFAA-4B63-A7A6-32143730E275}.Debug|Any CPU.ActiveCfg = Debug|Any CPU
		{CDDD39D2-DFAA-4B63-A7A6-32143730E275}.Debug|Any CPU.Build.0 = Debug|Any CPU
		{CDDD39D2-DFAA-4B63-A7A6-32143730E275}.Release|Any CPU.ActiveCfg = Release|Any CPU
		{CDDD39D2-DFAA-4B63-A7A6-32143730E275}.Release|Any CPU.Build.0 = Release|Any CPU
		{F99B0C37-7326-4FD6-A8CA-E7101F091C54}.Debug|Any CPU.ActiveCfg = Debug|Any CPU
		{F99B0C37-7326-4FD6-A8CA-E7101F091C54}.Debug|Any CPU.Build.0 = Debug|Any CPU
		{F99B0C37-7326-4FD6-A8CA-E7101F091C54}.Release|Any CPU.ActiveCfg = Release|Any CPU
		{F99B0C37-7326-4FD6-A8CA-E7101F091C54}.Release|Any CPU.Build.0 = Release|Any CPU
		{DA3F2D6A-B1FF-4299-92D7-386952B1843D}.Debug|Any CPU.ActiveCfg = Debug|Any CPU
		{DA3F2D6A-B1FF-4299-92D7-386952B1843D}.Debug|Any CPU.Build.0 = Debug|Any CPU
		{DA3F2D6A-B1FF-4299-92D7-386952B1843D}.Release|Any CPU.ActiveCfg = Release|Any CPU
		{DA3F2D6A-B1FF-4299-92D7-386952B1843D}.Release|Any CPU.Build.0 = Release|Any CPU
		{F63DD883-A088-423B-9F17-2CC09F181DB7}.Debug|Any CPU.ActiveCfg = Debug|Any CPU
		{F63DD883-A088-423B-9F17-2CC09F181DB7}.Debug|Any CPU.Build.0 = Debug|Any CPU
		{F63DD883-A088-423B-9F17-2CC09F181DB7}.Release|Any CPU.ActiveCfg = Release|Any CPU
		{F63DD883-A088-423B-9F17-2CC09F181DB7}.Release|Any CPU.Build.0 = Release|Any CPU
		{2B82DC79-D5CF-4BFF-A1B1-4C283387019A}.Debug|Any CPU.ActiveCfg = Debug|Any CPU
		{2B82DC79-D5CF-4BFF-A1B1-4C283387019A}.Debug|Any CPU.Build.0 = Debug|Any CPU
		{2B82DC79-D5CF-4BFF-A1B1-4C283387019A}.Release|Any CPU.ActiveCfg = Release|Any CPU
		{2B82DC79-D5CF-4BFF-A1B1-4C283387019A}.Release|Any CPU.Build.0 = Release|Any CPU
	EndGlobalSection
	GlobalSection(SolutionProperties) = preSolution
		HideSolutionNode = FALSE
	EndGlobalSection
	GlobalSection(NestedProjects) = preSolution
		{41E195FA-F2FE-48C0-B187-B2887F4A4FAB} = {567C05A9-4A1B-4FA0-9D2E-5FF8C9C8DCF2}
		{A8595DE9-44A9-42D4-B0BB-E1417AE0FC8C} = {567C05A9-4A1B-4FA0-9D2E-5FF8C9C8DCF2}
		{C60FC3A3-4562-4282-80C8-4A55220365FE} = {567C05A9-4A1B-4FA0-9D2E-5FF8C9C8DCF2}
		{8682678D-7497-4664-AA6D-08A31D188232} = {567C05A9-4A1B-4FA0-9D2E-5FF8C9C8DCF2}
		{630E822B-92A5-4BCC-A0F5-A1090BB16BBF} = {EF0E0D1E-9ACF-44C2-AE9E-5A9B0DCE84A7}
		{F8DFC995-2A3A-4DA5-8B75-AD26FCEC1641} = {EF0E0D1E-9ACF-44C2-AE9E-5A9B0DCE84A7}
		{F9427DBF-0CC8-4DEE-8258-B59DD114D45E} = {EF0E0D1E-9ACF-44C2-AE9E-5A9B0DCE84A7}
		{FB5C4B91-5418-461F-B630-8B42116E340D} = {EF0E0D1E-9ACF-44C2-AE9E-5A9B0DCE84A7}
		{0FF9A7D7-FF0A-47B2-868F-50552FBEF3E2} = {EF0E0D1E-9ACF-44C2-AE9E-5A9B0DCE84A7}
		{306E2B36-9D37-4F9D-ADBD-4678D88F8BFC} = {5FD5381F-86D6-4105-AFD0-54207F4934CF}
		{D0306128-11BF-4803-92BA-5E4FC02EDDBC} = {5FD5381F-86D6-4105-AFD0-54207F4934CF}
		{E796CF1D-4C77-41EB-8F47-95F0D33283BC} = {5FD5381F-86D6-4105-AFD0-54207F4934CF}
		{CBE704D7-B833-4D92-AF43-F20C6AC65608} = {5FD5381F-86D6-4105-AFD0-54207F4934CF}
		{D5ADF407-F90C-4DF5-A534-5B1EAE7B2AC1} = {5FD5381F-86D6-4105-AFD0-54207F4934CF}
		{D4F6AB78-C905-4F64-A9F3-A1AA05D73006} = {5FD5381F-86D6-4105-AFD0-54207F4934CF}
		{E32FC1B1-70F1-47E7-B807-418765E47D5E} = {5FD5381F-86D6-4105-AFD0-54207F4934CF}
		{DE25A539-6106-4E71-AE8E-243F0C2E04F1} = {E3EA168B-FEF2-4CA6-AC64-B7AB0E05DF82}
		{27B185C7-E3AC-4973-AF99-BA93EF3BCA98} = {E3EA168B-FEF2-4CA6-AC64-B7AB0E05DF82}
		{810D0BBB-A5F1-4436-91C8-9B6E9CC15AC7} = {E3EA168B-FEF2-4CA6-AC64-B7AB0E05DF82}
		{C0FE8E68-CDD7-4EB7-B990-15B1799CBF0F} = {E3EA168B-FEF2-4CA6-AC64-B7AB0E05DF82}
		{F2C815D3-D5FF-4163-BC48-95D5545CB2D8} = {E3EA168B-FEF2-4CA6-AC64-B7AB0E05DF82}
		{76CFB8FF-B457-4687-A26E-E00BB08FC225} = {E3EA168B-FEF2-4CA6-AC64-B7AB0E05DF82}
		{9477C7F3-8640-4117-ACCF-1CA89B4C349D} = {E3EA168B-FEF2-4CA6-AC64-B7AB0E05DF82}
		{E74FEB4C-51FB-47D1-89CB-D34945FC5DD5} = {431AFD47-1106-442E-AEDA-1C4156C439E9}
		{1929BE7F-95DA-4CEF-8732-45FCB891A44D} = {431AFD47-1106-442E-AEDA-1C4156C439E9}
		{B1400E97-FA9E-4B63-9694-29C8C4D64CBB} = {431AFD47-1106-442E-AEDA-1C4156C439E9}
		{22F9DC6A-ABF6-4AAD-BB9F-6F16980B7D68} = {431AFD47-1106-442E-AEDA-1C4156C439E9}
		{BF4F903C-07F0-4E70-8E9E-9DD2E25978EB} = {431AFD47-1106-442E-AEDA-1C4156C439E9}
		{A44A3AB0-0193-488E-8089-00DFF872964F} = {431AFD47-1106-442E-AEDA-1C4156C439E9}
		{BF5FF72F-DAAB-47AA-BE2A-C78C475F72D0} = {431AFD47-1106-442E-AEDA-1C4156C439E9}
		{064DBBF0-5D0C-4893-9E01-F12B94565CC2} = {431AFD47-1106-442E-AEDA-1C4156C439E9}
		{F7F5BE8C-31F4-4CF3-8652-B44337A7818D} = {431AFD47-1106-442E-AEDA-1C4156C439E9}
		{31F1987F-714B-4161-80BB-F9B2C7BECD7E} = {431AFD47-1106-442E-AEDA-1C4156C439E9}
		{123D9FFB-2421-4E94-A116-9A4DBDDDB7D5} = {431AFD47-1106-442E-AEDA-1C4156C439E9}
		{9BB2B2DF-BDDC-4D60-A2C6-0BB22D465A93} = {431AFD47-1106-442E-AEDA-1C4156C439E9}
		{1095A0CA-7D10-4BB9-B2A7-37EE6231263A} = {431AFD47-1106-442E-AEDA-1C4156C439E9}
		{A63CA65E-2A99-44E1-9E38-3D3090313BAC} = {E856DD25-7594-479C-B7A1-1EBFD00F86BB}
		{1A73A74E-7EC7-4079-BE91-5043110580F2} = {E856DD25-7594-479C-B7A1-1EBFD00F86BB}
		{9B909767-30EE-477A-B48A-FD913EC6BCDB} = {E856DD25-7594-479C-B7A1-1EBFD00F86BB}
		{EDF1D6EA-0E66-4FEC-BF77-342B581A9F3A} = {D7370ECF-C401-41A8-B16C-212960D5E34D}
		{77B06D85-BAEA-4444-A82E-84DE8CCF69AA} = {D7370ECF-C401-41A8-B16C-212960D5E34D}
		{1345DAD7-06F7-4D16-BBB3-D0249269B15D} = {D7370ECF-C401-41A8-B16C-212960D5E34D}
		{053A9AD4-1664-439D-9A9A-0DD9E82A8544} = {E856DD25-7594-479C-B7A1-1EBFD00F86BB}
		{CDDD39D2-DFAA-4B63-A7A6-32143730E275} = {E856DD25-7594-479C-B7A1-1EBFD00F86BB}
		{F99B0C37-7326-4FD6-A8CA-E7101F091C54} = {E856DD25-7594-479C-B7A1-1EBFD00F86BB}
		{DA3F2D6A-B1FF-4299-92D7-386952B1843D} = {E856DD25-7594-479C-B7A1-1EBFD00F86BB}
		{F63DD883-A088-423B-9F17-2CC09F181DB7} = {E856DD25-7594-479C-B7A1-1EBFD00F86BB}
		{2B82DC79-D5CF-4BFF-A1B1-4C283387019A} = {E856DD25-7594-479C-B7A1-1EBFD00F86BB}
	EndGlobalSection
	GlobalSection(ExtensibilityGlobals) = postSolution
		SolutionGuid = {254D5412-27DD-4A63-9333-DAB83C470334}
	EndGlobalSection
EndGlobal
